
Microsoft Visual Studio Solution File, Format Version 12.00
# Visual Studio Version 16
VisualStudioVersion = 16.0.29905.134
MinimumVisualStudioVersion = 10.0.40219.1
Project("{9A19103F-16F7-4668-BE54-9A1E7A4F7556}") = "SortingAndSearching", "ClassLibrary1\SortingAndSearching.csproj", "{ED47DA9B-DB7E-4275-9BD8-CAAFC979B241}"
EndProject
Project("{FAE04EC0-301F-11D3-BF4B-00C04F79EFBC}") = "Program", "Program\Program.csproj", "{EAAB9991-7E8F-4BAE-BF15-471A31CEB43C}"
EndProject
Global
	GlobalSection(SolutionConfigurationPlatforms) = preSolution
		Debug|Any CPU = Debug|Any CPU
		Release|Any CPU = Release|Any CPU
	EndGlobalSection
	GlobalSection(ProjectConfigurationPlatforms) = postSolution
		{ED47DA9B-DB7E-4275-9BD8-CAAFC979B241}.Debug|Any CPU.ActiveCfg = Debug|Any CPU
		{ED47DA9B-DB7E-4275-9BD8-CAAFC979B241}.Debug|Any CPU.Build.0 = Debug|Any CPU
		{ED47DA9B-DB7E-4275-9BD8-CAAFC979B241}.Release|Any CPU.ActiveCfg = Release|Any CPU
		{ED47DA9B-DB7E-4275-9BD8-CAAFC979B241}.Release|Any CPU.Build.0 = Release|Any CPU
		{EAAB9991-7E8F-4BAE-BF15-471A31CEB43C}.Debug|Any CPU.ActiveCfg = Debug|Any CPU
		{EAAB9991-7E8F-4BAE-BF15-471A31CEB43C}.Debug|Any CPU.Build.0 = Debug|Any CPU
		{EAAB9991-7E8F-4BAE-BF15-471A31CEB43C}.Release|Any CPU.ActiveCfg = Release|Any CPU
		{EAAB9991-7E8F-4BAE-BF15-471A31CEB43C}.Release|Any CPU.Build.0 = Release|Any CPU
	EndGlobalSection
	GlobalSection(SolutionProperties) = preSolution
		HideSolutionNode = FALSE
	EndGlobalSection
	GlobalSection(ExtensibilityGlobals) = postSolution
		SolutionGuid = {4CA941F9-F6C4-45A3-852A-D0D2EEC40024}
	EndGlobalSection
EndGlobal
